
Microsoft Visual Studio Solution File, Format Version 12.00
# Visual Studio Version 17
VisualStudioVersion = 17.4.33213.308
MinimumVisualStudioVersion = 10.0.40219.1
Project("{9A19103F-16F7-4668-BE54-9A1E7A4F7556}") = "In-Anh", "In-Anh\In-Anh.csproj", "{92652839-DED5-4BD0-84DD-E01F5B35C99B}"
EndProject
Project("{FAE04EC0-301F-11D3-BF4B-00C04F79EFBC}") = "RabitMQConsumer", "RabitMQConsumer\RabitMQConsumer.csproj", "{7A9FE1B6-BD09-499A-8FA8-2CA0FE766D28}"
EndProject
Global
	GlobalSection(SolutionConfigurationPlatforms) = preSolution
		Debug|Any CPU = Debug|Any CPU
		Release|Any CPU = Release|Any CPU
	EndGlobalSection
	GlobalSection(ProjectConfigurationPlatforms) = postSolution
		{92652839-DED5-4BD0-84DD-E01F5B35C99B}.Debug|Any CPU.ActiveCfg = Debug|Any CPU
		{92652839-DED5-4BD0-84DD-E01F5B35C99B}.Debug|Any CPU.Build.0 = Debug|Any CPU
		{92652839-DED5-4BD0-84DD-E01F5B35C99B}.Release|Any CPU.ActiveCfg = Release|Any CPU
		{92652839-DED5-4BD0-84DD-E01F5B35C99B}.Release|Any CPU.Build.0 = Release|Any CPU
		{7A9FE1B6-BD09-499A-8FA8-2CA0FE766D28}.Debug|Any CPU.ActiveCfg = Debug|Any CPU
		{7A9FE1B6-BD09-499A-8FA8-2CA0FE766D28}.Debug|Any CPU.Build.0 = Debug|Any CPU
		{7A9FE1B6-BD09-499A-8FA8-2CA0FE766D28}.Release|Any CPU.ActiveCfg = Release|Any CPU
		{7A9FE1B6-BD09-499A-8FA8-2CA0FE766D28}.Release|Any CPU.Build.0 = Release|Any CPU
	EndGlobalSection
	GlobalSection(SolutionProperties) = preSolution
		HideSolutionNode = FALSE
	EndGlobalSection
	GlobalSection(ExtensibilityGlobals) = postSolution
		SolutionGuid = {4E01B766-8714-4A6B-A32B-9BF1BE66ECA4}
	EndGlobalSection
EndGlobal
